
Microsoft Visual Studio Solution File, Format Version 12.00
# Visual Studio Version 17
VisualStudioVersion = 17.11.35431.28
MinimumVisualStudioVersion = 10.0.40219.1
Project("{9A19103F-16F7-4668-BE54-9A1E7A4F7556}") = "NGU KIE GUI BCS22090031_FinalTest", "NGU KIE GUI BCS22090031_FinalTest\NGU KIE GUI BCS22090031_FinalTest.csproj", "{0029AE5F-3B39-4947-AEE4-D87598A7B148}"
EndProject
Project("{9A19103F-16F7-4668-BE54-9A1E7A4F7556}") = "NGU KIE GUI BCS22090031_FinalTest_Question_2", "NGU KIE GUI BCS22090031_FinalTest_Question_2\NGU KIE GUI BCS22090031_FinalTest_Question_2.csproj", "{BBA2E41F-DE3C-4985-BFA9-48056E043BD8}"
EndProject
Project("{FAE04EC0-301F-11D3-BF4B-00C04F79EFBC}") = "NGU KIE GUI BCS22090031_FinalTest_Question_3", "NGU KIE GUI BCS22090031_FinalTest_Question_3\NGU KIE GUI BCS22090031_FinalTest_Question_3.csproj", "{F3281421-8528-4301-B866-9B6EA83F547A}"
EndProject
Global
	GlobalSection(SolutionConfigurationPlatforms) = preSolution
		Debug|Any CPU = Debug|Any CPU
		Release|Any CPU = Release|Any CPU
	EndGlobalSection
	GlobalSection(ProjectConfigurationPlatforms) = postSolution
		{0029AE5F-3B39-4947-AEE4-D87598A7B148}.Debug|Any CPU.ActiveCfg = Debug|Any CPU
		{0029AE5F-3B39-4947-AEE4-D87598A7B148}.Debug|Any CPU.Build.0 = Debug|Any CPU
		{0029AE5F-3B39-4947-AEE4-D87598A7B148}.Debug|Any CPU.Deploy.0 = Debug|Any CPU
		{0029AE5F-3B39-4947-AEE4-D87598A7B148}.Release|Any CPU.ActiveCfg = Release|Any CPU
		{0029AE5F-3B39-4947-AEE4-D87598A7B148}.Release|Any CPU.Build.0 = Release|Any CPU
		{0029AE5F-3B39-4947-AEE4-D87598A7B148}.Release|Any CPU.Deploy.0 = Release|Any CPU
		{BBA2E41F-DE3C-4985-BFA9-48056E043BD8}.Debug|Any CPU.ActiveCfg = Debug|Any CPU
		{BBA2E41F-DE3C-4985-BFA9-48056E043BD8}.Debug|Any CPU.Build.0 = Debug|Any CPU
		{BBA2E41F-DE3C-4985-BFA9-48056E043BD8}.Debug|Any CPU.Deploy.0 = Debug|Any CPU
		{BBA2E41F-DE3C-4985-BFA9-48056E043BD8}.Release|Any CPU.ActiveCfg = Release|Any CPU
		{BBA2E41F-DE3C-4985-BFA9-48056E043BD8}.Release|Any CPU.Build.0 = Release|Any CPU
		{BBA2E41F-DE3C-4985-BFA9-48056E043BD8}.Release|Any CPU.Deploy.0 = Release|Any CPU
		{F3281421-8528-4301-B866-9B6EA83F547A}.Debug|Any CPU.ActiveCfg = Debug|Any CPU
		{F3281421-8528-4301-B866-9B6EA83F547A}.Debug|Any CPU.Build.0 = Debug|Any CPU
		{F3281421-8528-4301-B866-9B6EA83F547A}.Debug|Any CPU.Deploy.0 = Debug|Any CPU
		{F3281421-8528-4301-B866-9B6EA83F547A}.Release|Any CPU.ActiveCfg = Release|Any CPU
		{F3281421-8528-4301-B866-9B6EA83F547A}.Release|Any CPU.Build.0 = Release|Any CPU
		{F3281421-8528-4301-B866-9B6EA83F547A}.Release|Any CPU.Deploy.0 = Release|Any CPU
	EndGlobalSection
	GlobalSection(SolutionProperties) = preSolution
		HideSolutionNode = FALSE
	EndGlobalSection
	GlobalSection(ExtensibilityGlobals) = postSolution
		SolutionGuid = {B35EFB51-E275-4253-B78A-ABAFE56AD9E0}
	EndGlobalSection
EndGlobal
